
Microsoft Visual Studio Solution File, Format Version 12.00
# Visual Studio Version 16
VisualStudioVersion = 16.0.29911.84
MinimumVisualStudioVersion = 10.0.40219.1
Project("{9A19103F-16F7-4668-BE54-9A1E7A4F7556}") = "NExtensions", "NExtensions\NExtensions.csproj", "{517C2055-2841-4D86-962C-7FF63F7896F3}"
EndProject
Project("{9A19103F-16F7-4668-BE54-9A1E7A4F7556}") = "NExtensionsTests", "NExtensionsTests\NExtensionsTests.csproj", "{5A56DBCF-3C6F-4EBD-83AB-BE645F3E6063}"
EndProject
Global
	GlobalSection(SolutionConfigurationPlatforms) = preSolution
		Debug|Any CPU = Debug|Any CPU
		Release|Any CPU = Release|Any CPU
	EndGlobalSection
	GlobalSection(ProjectConfigurationPlatforms) = postSolution
		{517C2055-2841-4D86-962C-7FF63F7896F3}.Debug|Any CPU.ActiveCfg = Debug|Any CPU
		{517C2055-2841-4D86-962C-7FF63F7896F3}.Debug|Any CPU.Build.0 = Debug|Any CPU
		{517C2055-2841-4D86-962C-7FF63F7896F3}.Release|Any CPU.ActiveCfg = Release|Any CPU
		{517C2055-2841-4D86-962C-7FF63F7896F3}.Release|Any CPU.Build.0 = Release|Any CPU
		{5A56DBCF-3C6F-4EBD-83AB-BE645F3E6063}.Debug|Any CPU.ActiveCfg = Debug|Any CPU
		{5A56DBCF-3C6F-4EBD-83AB-BE645F3E6063}.Debug|Any CPU.Build.0 = Debug|Any CPU
		{5A56DBCF-3C6F-4EBD-83AB-BE645F3E6063}.Release|Any CPU.ActiveCfg = Release|Any CPU
		{5A56DBCF-3C6F-4EBD-83AB-BE645F3E6063}.Release|Any CPU.Build.0 = Release|Any CPU
	EndGlobalSection
	GlobalSection(SolutionProperties) = preSolution
		HideSolutionNode = FALSE
	EndGlobalSection
	GlobalSection(ExtensibilityGlobals) = postSolution
		SolutionGuid = {5551ED72-C0C7-4C5F-A24E-0A7DF3CEB1DA}
	EndGlobalSection
EndGlobal
